
Microsoft Visual Studio Solution File, Format Version 12.00
# Visual Studio Version 16
VisualStudioVersion = 16.0.31205.134
MinimumVisualStudioVersion = 10.0.40219.1
Project("{FAE04EC0-301F-11D3-BF4B-00C04F79EFBC}") = "ClothesStore.WebApp", "ClothesStore.WebApp\ClothesStore.WebApp.csproj", "{6D0F0825-8D51-4707-8C1F-4A4560B3B1AF}"
EndProject
Project("{FAE04EC0-301F-11D3-BF4B-00C04F79EFBC}") = "ClothesStore.Service", "ClothesStore.Service\ClothesStore.Service.csproj", "{9B49882A-3CFD-47F8-8019-BBDA97A8C57A}"
EndProject
Project("{FAE04EC0-301F-11D3-BF4B-00C04F79EFBC}") = "ClothesStore.Model", "ClothesStore.Model\ClothesStore.Model.csproj", "{3FE2FD02-8644-4A24-A642-E12AD0B3682C}"
EndProject
Project("{2150E333-8FDC-42A3-9474-1A3956D46DE8}") = "Documents", "Documents", "{CA644D02-8492-40F0-A13E-4200B41384F1}"
	ProjectSection(SolutionItems) = preProject
		README.MD = README.MD
	EndProjectSection
EndProject
Global
	GlobalSection(SolutionConfigurationPlatforms) = preSolution
		Debug|Any CPU = Debug|Any CPU
		Release|Any CPU = Release|Any CPU
	EndGlobalSection
	GlobalSection(ProjectConfigurationPlatforms) = postSolution
		{6D0F0825-8D51-4707-8C1F-4A4560B3B1AF}.Debug|Any CPU.ActiveCfg = Debug|Any CPU
		{6D0F0825-8D51-4707-8C1F-4A4560B3B1AF}.Debug|Any CPU.Build.0 = Debug|Any CPU
		{6D0F0825-8D51-4707-8C1F-4A4560B3B1AF}.Release|Any CPU.ActiveCfg = Release|Any CPU
		{6D0F0825-8D51-4707-8C1F-4A4560B3B1AF}.Release|Any CPU.Build.0 = Release|Any CPU
		{9B49882A-3CFD-47F8-8019-BBDA97A8C57A}.Debug|Any CPU.ActiveCfg = Debug|Any CPU
		{9B49882A-3CFD-47F8-8019-BBDA97A8C57A}.Debug|Any CPU.Build.0 = Debug|Any CPU
		{9B49882A-3CFD-47F8-8019-BBDA97A8C57A}.Release|Any CPU.ActiveCfg = Release|Any CPU
		{9B49882A-3CFD-47F8-8019-BBDA97A8C57A}.Release|Any CPU.Build.0 = Release|Any CPU
		{3FE2FD02-8644-4A24-A642-E12AD0B3682C}.Debug|Any CPU.ActiveCfg = Debug|Any CPU
		{3FE2FD02-8644-4A24-A642-E12AD0B3682C}.Debug|Any CPU.Build.0 = Debug|Any CPU
		{3FE2FD02-8644-4A24-A642-E12AD0B3682C}.Release|Any CPU.ActiveCfg = Release|Any CPU
		{3FE2FD02-8644-4A24-A642-E12AD0B3682C}.Release|Any CPU.Build.0 = Release|Any CPU
	EndGlobalSection
	GlobalSection(SolutionProperties) = preSolution
		HideSolutionNode = FALSE
	EndGlobalSection
	GlobalSection(ExtensibilityGlobals) = postSolution
		SolutionGuid = {C00F9FB1-A351-41A8-A775-2BCB97BDBB37}
	EndGlobalSection
EndGlobal
